
Microsoft Visual Studio Solution File, Format Version 12.00
# Visual Studio Version 16
VisualStudioVersion = 16.0.30114.105
MinimumVisualStudioVersion = 10.0.40219.1
Project("{2150E333-8FDC-42A3-9474-1A3956D46DE8}") = "1.- Front End", "1.- Front End", "{B7E0921F-18C2-43EC-BB88-F4EA8DC18AED}"
EndProject
Project("{2150E333-8FDC-42A3-9474-1A3956D46DE8}") = "2.- Back End", "2.- Back End", "{915A2716-8F09-40BB-9CF7-EB7DD3882A54}"
EndProject
Project("{2150E333-8FDC-42A3-9474-1A3956D46DE8}") = "2.1- Service Layer", "2.1- Service Layer", "{ECD16E7F-118E-493B-8988-2B5AE86E6CBC}"
EndProject
Project("{2150E333-8FDC-42A3-9474-1A3956D46DE8}") = "2.2- Business Layer", "2.2- Business Layer", "{CDE5AF5E-9E85-45DA-A514-58DF32207B51}"
EndProject
Project("{2150E333-8FDC-42A3-9474-1A3956D46DE8}") = "2.3- Data Access Layer", "2.3- Data Access Layer", "{97A0A8FB-5481-4F14-A05D-ECC68FC7A0DC}"
EndProject
Project("{9A19103F-16F7-4668-BE54-9A1E7A4F7556}") = "Kata.WebApi.Restful", "Kata.WebApi.Restful\Kata.WebApi.Restful.csproj", "{D48568BA-63E0-423C-B14E-17B3C2484B2D}"
EndProject
Project("{9A19103F-16F7-4668-BE54-9A1E7A4F7556}") = "Kata.BL", "Kata.BL\Kata.BL.csproj", "{80D4AD72-6ACC-40FB-8F3F-68BA84856846}"
EndProject
Project("{9A19103F-16F7-4668-BE54-9A1E7A4F7556}") = "Kata.DAL", "Kata.DAL\Kata.DAL.csproj", "{CF604F16-EA5C-491B-821F-972E7603F6A1}"
EndProject
Project("{2150E333-8FDC-42A3-9474-1A3956D46DE8}") = "2.5  Dto", "2.5  Dto", "{2DE60B98-C480-4658-AA73-2DA38FD2DB15}"
EndProject
Project("{9A19103F-16F7-4668-BE54-9A1E7A4F7556}") = "Kata.Dto", "Kata.Dto\Kata.Dto.csproj", "{C5F2D2AB-26B1-43F2-AE9E-A2123FF108A6}"
EndProject
Project("{2150E333-8FDC-42A3-9474-1A3956D46DE8}") = "2.3- ORM", "2.3- ORM", "{53819EE3-89AB-4DDC-82C6-9086C13AE9B0}"
EndProject
Project("{9A19103F-16F7-4668-BE54-9A1E7A4F7556}") = "Kata.ORM", "Kata.ORM\Kata.ORM.csproj", "{32D00DEC-7E29-4931-A372-8D9D632A1A4B}"
EndProject
Project("{2150E333-8FDC-42A3-9474-1A3956D46DE8}") = "2.4- Business Model", "2.4- Business Model", "{A705464A-80F3-46E2-8FF2-07ED5215CB6A}"
EndProject
Project("{9A19103F-16F7-4668-BE54-9A1E7A4F7556}") = "Kata.BusinessModel", "Kata.BusinessModel\Kata.BusinessModel.csproj", "{A1A27D3F-3BFC-4DAE-84B7-ED16CD82C696}"
EndProject
Project("{9A19103F-16F7-4668-BE54-9A1E7A4F7556}") = "Kata.WebApp.UI", "Kata.WebApp.UI\Kata.WebApp.UI.csproj", "{5768FC99-9FA5-4659-A109-35D2D819EE53}"
EndProject
Project("{2150E333-8FDC-42A3-9474-1A3956D46DE8}") = "1.1- Client App", "1.1- Client App", "{9FD8E377-6522-4227-8BB7-97D05F201D10}"
EndProject
Global
	GlobalSection(SolutionConfigurationPlatforms) = preSolution
		Debug|Any CPU = Debug|Any CPU
		Release|Any CPU = Release|Any CPU
	EndGlobalSection
	GlobalSection(ProjectConfigurationPlatforms) = postSolution
		{D48568BA-63E0-423C-B14E-17B3C2484B2D}.Debug|Any CPU.ActiveCfg = Debug|Any CPU
		{D48568BA-63E0-423C-B14E-17B3C2484B2D}.Debug|Any CPU.Build.0 = Debug|Any CPU
		{D48568BA-63E0-423C-B14E-17B3C2484B2D}.Release|Any CPU.ActiveCfg = Release|Any CPU
		{D48568BA-63E0-423C-B14E-17B3C2484B2D}.Release|Any CPU.Build.0 = Release|Any CPU
		{80D4AD72-6ACC-40FB-8F3F-68BA84856846}.Debug|Any CPU.ActiveCfg = Debug|Any CPU
		{80D4AD72-6ACC-40FB-8F3F-68BA84856846}.Debug|Any CPU.Build.0 = Debug|Any CPU
		{80D4AD72-6ACC-40FB-8F3F-68BA84856846}.Release|Any CPU.ActiveCfg = Release|Any CPU
		{80D4AD72-6ACC-40FB-8F3F-68BA84856846}.Release|Any CPU.Build.0 = Release|Any CPU
		{CF604F16-EA5C-491B-821F-972E7603F6A1}.Debug|Any CPU.ActiveCfg = Debug|Any CPU
		{CF604F16-EA5C-491B-821F-972E7603F6A1}.Debug|Any CPU.Build.0 = Debug|Any CPU
		{CF604F16-EA5C-491B-821F-972E7603F6A1}.Release|Any CPU.ActiveCfg = Release|Any CPU
		{CF604F16-EA5C-491B-821F-972E7603F6A1}.Release|Any CPU.Build.0 = Release|Any CPU
		{C5F2D2AB-26B1-43F2-AE9E-A2123FF108A6}.Debug|Any CPU.ActiveCfg = Debug|Any CPU
		{C5F2D2AB-26B1-43F2-AE9E-A2123FF108A6}.Debug|Any CPU.Build.0 = Debug|Any CPU
		{C5F2D2AB-26B1-43F2-AE9E-A2123FF108A6}.Release|Any CPU.ActiveCfg = Release|Any CPU
		{C5F2D2AB-26B1-43F2-AE9E-A2123FF108A6}.Release|Any CPU.Build.0 = Release|Any CPU
		{32D00DEC-7E29-4931-A372-8D9D632A1A4B}.Debug|Any CPU.ActiveCfg = Debug|Any CPU
		{32D00DEC-7E29-4931-A372-8D9D632A1A4B}.Debug|Any CPU.Build.0 = Debug|Any CPU
		{32D00DEC-7E29-4931-A372-8D9D632A1A4B}.Release|Any CPU.ActiveCfg = Release|Any CPU
		{32D00DEC-7E29-4931-A372-8D9D632A1A4B}.Release|Any CPU.Build.0 = Release|Any CPU
		{A1A27D3F-3BFC-4DAE-84B7-ED16CD82C696}.Debug|Any CPU.ActiveCfg = Debug|Any CPU
		{A1A27D3F-3BFC-4DAE-84B7-ED16CD82C696}.Debug|Any CPU.Build.0 = Debug|Any CPU
		{A1A27D3F-3BFC-4DAE-84B7-ED16CD82C696}.Release|Any CPU.ActiveCfg = Release|Any CPU
		{A1A27D3F-3BFC-4DAE-84B7-ED16CD82C696}.Release|Any CPU.Build.0 = Release|Any CPU
		{5768FC99-9FA5-4659-A109-35D2D819EE53}.Debug|Any CPU.ActiveCfg = Debug|Any CPU
		{5768FC99-9FA5-4659-A109-35D2D819EE53}.Debug|Any CPU.Build.0 = Debug|Any CPU
		{5768FC99-9FA5-4659-A109-35D2D819EE53}.Release|Any CPU.ActiveCfg = Release|Any CPU
		{5768FC99-9FA5-4659-A109-35D2D819EE53}.Release|Any CPU.Build.0 = Release|Any CPU
	EndGlobalSection
	GlobalSection(SolutionProperties) = preSolution
		HideSolutionNode = FALSE
	EndGlobalSection
	GlobalSection(NestedProjects) = preSolution
		{ECD16E7F-118E-493B-8988-2B5AE86E6CBC} = {915A2716-8F09-40BB-9CF7-EB7DD3882A54}
		{CDE5AF5E-9E85-45DA-A514-58DF32207B51} = {915A2716-8F09-40BB-9CF7-EB7DD3882A54}
		{97A0A8FB-5481-4F14-A05D-ECC68FC7A0DC} = {915A2716-8F09-40BB-9CF7-EB7DD3882A54}
		{D48568BA-63E0-423C-B14E-17B3C2484B2D} = {ECD16E7F-118E-493B-8988-2B5AE86E6CBC}
		{80D4AD72-6ACC-40FB-8F3F-68BA84856846} = {CDE5AF5E-9E85-45DA-A514-58DF32207B51}
		{CF604F16-EA5C-491B-821F-972E7603F6A1} = {97A0A8FB-5481-4F14-A05D-ECC68FC7A0DC}
		{2DE60B98-C480-4658-AA73-2DA38FD2DB15} = {915A2716-8F09-40BB-9CF7-EB7DD3882A54}
		{C5F2D2AB-26B1-43F2-AE9E-A2123FF108A6} = {2DE60B98-C480-4658-AA73-2DA38FD2DB15}
		{53819EE3-89AB-4DDC-82C6-9086C13AE9B0} = {915A2716-8F09-40BB-9CF7-EB7DD3882A54}
		{32D00DEC-7E29-4931-A372-8D9D632A1A4B} = {53819EE3-89AB-4DDC-82C6-9086C13AE9B0}
		{A705464A-80F3-46E2-8FF2-07ED5215CB6A} = {915A2716-8F09-40BB-9CF7-EB7DD3882A54}
		{A1A27D3F-3BFC-4DAE-84B7-ED16CD82C696} = {A705464A-80F3-46E2-8FF2-07ED5215CB6A}
		{5768FC99-9FA5-4659-A109-35D2D819EE53} = {9FD8E377-6522-4227-8BB7-97D05F201D10}
		{9FD8E377-6522-4227-8BB7-97D05F201D10} = {B7E0921F-18C2-43EC-BB88-F4EA8DC18AED}
	EndGlobalSection
	GlobalSection(ExtensibilityGlobals) = postSolution
		SolutionGuid = {E897497F-F2B9-4184-9C61-E7A4C61FFDD7}
	EndGlobalSection
EndGlobal
